
Microsoft Visual Studio Solution File, Format Version 12.00
# Visual Studio Version 16
VisualStudioVersion = 16.0.30523.141
MinimumVisualStudioVersion = 10.0.40219.1
Project("{FAE04EC0-301F-11D3-BF4B-00C04F79EFBC}") = "SimpleDice", "SimpleDice\SimpleDice.csproj", "{98FAB01C-3901-4440-9D50-163B67652D7C}"
EndProject
Project("{FAE04EC0-301F-11D3-BF4B-00C04F79EFBC}") = "Demo", "Demo\Demo.csproj", "{AD9F15E9-75F8-4E3B-822B-923782FD87A6}"
EndProject
Global
	GlobalSection(SolutionConfigurationPlatforms) = preSolution
		Debug|Any CPU = Debug|Any CPU
		Release|Any CPU = Release|Any CPU
	EndGlobalSection
	GlobalSection(ProjectConfigurationPlatforms) = postSolution
		{98FAB01C-3901-4440-9D50-163B67652D7C}.Debug|Any CPU.ActiveCfg = Debug|Any CPU
		{98FAB01C-3901-4440-9D50-163B67652D7C}.Debug|Any CPU.Build.0 = Debug|Any CPU
		{98FAB01C-3901-4440-9D50-163B67652D7C}.Release|Any CPU.ActiveCfg = Release|Any CPU
		{98FAB01C-3901-4440-9D50-163B67652D7C}.Release|Any CPU.Build.0 = Release|Any CPU
		{AD9F15E9-75F8-4E3B-822B-923782FD87A6}.Debug|Any CPU.ActiveCfg = Debug|Any CPU
		{AD9F15E9-75F8-4E3B-822B-923782FD87A6}.Debug|Any CPU.Build.0 = Debug|Any CPU
		{AD9F15E9-75F8-4E3B-822B-923782FD87A6}.Release|Any CPU.ActiveCfg = Release|Any CPU
		{AD9F15E9-75F8-4E3B-822B-923782FD87A6}.Release|Any CPU.Build.0 = Release|Any CPU
	EndGlobalSection
	GlobalSection(SolutionProperties) = preSolution
		HideSolutionNode = FALSE
	EndGlobalSection
	GlobalSection(ExtensibilityGlobals) = postSolution
		SolutionGuid = {F8EFE7F5-2442-4E86-BBFC-7C5301FB41FD}
	EndGlobalSection
EndGlobal
